
Microsoft Visual Studio Solution File, Format Version 12.00
# Visual Studio Version 17
VisualStudioVersion = 17.9.34607.119
MinimumVisualStudioVersion = 10.0.40219.1
Project("{FAE04EC0-301F-11D3-BF4B-00C04F79EFBC}") = "NewbieRedone", "NewbieRedone\NewbieRedone.csproj", "{A872874C-B7B4-4394-9CA8-E112653FD4A4}"
EndProject
Global
	GlobalSection(SolutionConfigurationPlatforms) = preSolution
		Debug|Any CPU = Debug|Any CPU
		Release|Any CPU = Release|Any CPU
	EndGlobalSection
	GlobalSection(ProjectConfigurationPlatforms) = postSolution
		{A872874C-B7B4-4394-9CA8-E112653FD4A4}.Debug|Any CPU.ActiveCfg = Debug|Any CPU
		{A872874C-B7B4-4394-9CA8-E112653FD4A4}.Debug|Any CPU.Build.0 = Debug|Any CPU
		{A872874C-B7B4-4394-9CA8-E112653FD4A4}.Release|Any CPU.ActiveCfg = Release|Any CPU
		{A872874C-B7B4-4394-9CA8-E112653FD4A4}.Release|Any CPU.Build.0 = Release|Any CPU
	EndGlobalSection
	GlobalSection(SolutionProperties) = preSolution
		HideSolutionNode = FALSE
	EndGlobalSection
	GlobalSection(ExtensibilityGlobals) = postSolution
		SolutionGuid = {B5B46AB2-CEC0-48A1-A387-E409A2C6E4C0}
	EndGlobalSection
EndGlobal
